
Microsoft Visual Studio Solution File, Format Version 12.00
# Visual Studio 15
VisualStudioVersion = 15.0.28307.645
MinimumVisualStudioVersion = 10.0.40219.1
Project("{FAE04EC0-301F-11D3-BF4B-00C04F79EFBC}") = "DebitoCredito.Aplicacao", "DebitoCredito.Aplicacao\DebitoCredito.Aplicacao.csproj", "{606186C5-536C-449B-90A0-E19E6C16A6FE}"
EndProject
Project("{FAE04EC0-301F-11D3-BF4B-00C04F79EFBC}") = "DebitoCredito.Teste", "DebitoCredito.Teste\DebitoCredito.Teste.csproj", "{16133F49-A659-4B5D-BE5D-34606FB99465}"
EndProject
Project("{FAE04EC0-301F-11D3-BF4B-00C04F79EFBC}") = "DebitoCredito.Infra", "DebitoCredito.Infra\DebitoCredito.Infra.csproj", "{B24863CB-1398-48B7-9E5B-5AB4ABE37DDF}"
EndProject
Project("{FAE04EC0-301F-11D3-BF4B-00C04F79EFBC}") = "DebitoCredito.Dominio", "DebitoCredito.Dominio\DebitoCredito.Dominio.csproj", "{64EF85D8-9CBE-4E89-BECD-9DB758095074}"
EndProject
Project("{FAE04EC0-301F-11D3-BF4B-00C04F79EFBC}") = "DebitoCredito.Servico", "DebitoCredito.Servico\DebitoCredito.Servico.csproj", "{79E5695C-B01F-4B2D-AFC9-5F2D6A0C6974}"
EndProject
Project("{2150E333-8FDC-42A3-9474-1A3956D46DE8}") = "Aplicacao", "Aplicacao", "{C308A688-AD45-44CA-B2CD-1F274CA37E97}"
EndProject
Project("{2150E333-8FDC-42A3-9474-1A3956D46DE8}") = "Dominio", "Dominio", "{0E6083A0-F43C-4E48-920E-BF1798CD8117}"
EndProject
Project("{2150E333-8FDC-42A3-9474-1A3956D46DE8}") = "Teste", "Teste", "{C3183D49-1BF9-4D43-8640-C31DBC2E58EF}"
EndProject
Project("{2150E333-8FDC-42A3-9474-1A3956D46DE8}") = "Infra", "Infra", "{66616E6C-F41F-4878-A60E-4172D70E562C}"
EndProject
Project("{2150E333-8FDC-42A3-9474-1A3956D46DE8}") = "Servico", "Servico", "{F6BEBAD1-FDE5-428A-890A-2D53E3AD9A53}"
EndProject
Project("{FAE04EC0-301F-11D3-BF4B-00C04F79EFBC}") = "DebitoCredito.Infra.Data", "DebitoCredito.Infra.Data\DebitoCredito.Infra.Data.csproj", "{A991575C-131D-44BF-91BA-FCD269573F4C}"
EndProject
Global
	GlobalSection(SolutionConfigurationPlatforms) = preSolution
		Debug|Any CPU = Debug|Any CPU
		Release|Any CPU = Release|Any CPU
	EndGlobalSection
	GlobalSection(ProjectConfigurationPlatforms) = postSolution
		{606186C5-536C-449B-90A0-E19E6C16A6FE}.Debug|Any CPU.ActiveCfg = Debug|Any CPU
		{606186C5-536C-449B-90A0-E19E6C16A6FE}.Debug|Any CPU.Build.0 = Debug|Any CPU
		{606186C5-536C-449B-90A0-E19E6C16A6FE}.Release|Any CPU.ActiveCfg = Release|Any CPU
		{606186C5-536C-449B-90A0-E19E6C16A6FE}.Release|Any CPU.Build.0 = Release|Any CPU
		{16133F49-A659-4B5D-BE5D-34606FB99465}.Debug|Any CPU.ActiveCfg = Debug|Any CPU
		{16133F49-A659-4B5D-BE5D-34606FB99465}.Debug|Any CPU.Build.0 = Debug|Any CPU
		{16133F49-A659-4B5D-BE5D-34606FB99465}.Release|Any CPU.ActiveCfg = Release|Any CPU
		{16133F49-A659-4B5D-BE5D-34606FB99465}.Release|Any CPU.Build.0 = Release|Any CPU
		{B24863CB-1398-48B7-9E5B-5AB4ABE37DDF}.Debug|Any CPU.ActiveCfg = Debug|Any CPU
		{B24863CB-1398-48B7-9E5B-5AB4ABE37DDF}.Debug|Any CPU.Build.0 = Debug|Any CPU
		{B24863CB-1398-48B7-9E5B-5AB4ABE37DDF}.Release|Any CPU.ActiveCfg = Release|Any CPU
		{B24863CB-1398-48B7-9E5B-5AB4ABE37DDF}.Release|Any CPU.Build.0 = Release|Any CPU
		{64EF85D8-9CBE-4E89-BECD-9DB758095074}.Debug|Any CPU.ActiveCfg = Debug|Any CPU
		{64EF85D8-9CBE-4E89-BECD-9DB758095074}.Debug|Any CPU.Build.0 = Debug|Any CPU
		{64EF85D8-9CBE-4E89-BECD-9DB758095074}.Release|Any CPU.ActiveCfg = Release|Any CPU
		{64EF85D8-9CBE-4E89-BECD-9DB758095074}.Release|Any CPU.Build.0 = Release|Any CPU
		{79E5695C-B01F-4B2D-AFC9-5F2D6A0C6974}.Debug|Any CPU.ActiveCfg = Debug|Any CPU
		{79E5695C-B01F-4B2D-AFC9-5F2D6A0C6974}.Debug|Any CPU.Build.0 = Debug|Any CPU
		{79E5695C-B01F-4B2D-AFC9-5F2D6A0C6974}.Release|Any CPU.ActiveCfg = Release|Any CPU
		{79E5695C-B01F-4B2D-AFC9-5F2D6A0C6974}.Release|Any CPU.Build.0 = Release|Any CPU
		{A991575C-131D-44BF-91BA-FCD269573F4C}.Debug|Any CPU.ActiveCfg = Debug|Any CPU
		{A991575C-131D-44BF-91BA-FCD269573F4C}.Debug|Any CPU.Build.0 = Debug|Any CPU
		{A991575C-131D-44BF-91BA-FCD269573F4C}.Release|Any CPU.ActiveCfg = Release|Any CPU
		{A991575C-131D-44BF-91BA-FCD269573F4C}.Release|Any CPU.Build.0 = Release|Any CPU
	EndGlobalSection
	GlobalSection(SolutionProperties) = preSolution
		HideSolutionNode = FALSE
	EndGlobalSection
	GlobalSection(NestedProjects) = preSolution
		{606186C5-536C-449B-90A0-E19E6C16A6FE} = {C308A688-AD45-44CA-B2CD-1F274CA37E97}
		{16133F49-A659-4B5D-BE5D-34606FB99465} = {C3183D49-1BF9-4D43-8640-C31DBC2E58EF}
		{B24863CB-1398-48B7-9E5B-5AB4ABE37DDF} = {66616E6C-F41F-4878-A60E-4172D70E562C}
		{64EF85D8-9CBE-4E89-BECD-9DB758095074} = {0E6083A0-F43C-4E48-920E-BF1798CD8117}
		{79E5695C-B01F-4B2D-AFC9-5F2D6A0C6974} = {F6BEBAD1-FDE5-428A-890A-2D53E3AD9A53}
		{A991575C-131D-44BF-91BA-FCD269573F4C} = {66616E6C-F41F-4878-A60E-4172D70E562C}
	EndGlobalSection
	GlobalSection(ExtensibilityGlobals) = postSolution
		SolutionGuid = {DD32FC5D-AC01-4254-9396-DBB0853E0740}
	EndGlobalSection
EndGlobal
